// !$*UTF8*$!
{
	archiveVersion = 1;
	classes = {
	};
	objectVersion = 46;
	objects = {

/* Begin PBXBuildFile section */
		AFACF5CF17E8E7BA009897FB /* Cocoa.framework in Frameworks */ = {isa = PBXBuildFile; fileRef = AFACF5CE17E8E7BA009897FB /* Cocoa.framework */; };
		AFACF5D917E8E7BA009897FB /* InfoPlist.strings in Resources */ = {isa = PBXBuildFile; fileRef = AFACF5D717E8E7BA009897FB /* InfoPlist.strings */; };
		AFACF5DB17E8E7BA009897FB /* main.m in Sources */ = {isa = PBXBuildFile; fileRef = AFACF5DA17E8E7BA009897FB /* main.m */; };
		AFACF5DF17E8E7BA009897FB /* Credits.rtf in Resources */ = {isa = PBXBuildFile; fileRef = AFACF5DD17E8E7BA009897FB /* Credits.rtf */; };
		AFACF5E217E8E7BA009897FB /* PCAppDelegate.m in Sources */ = {isa = PBXBuildFile; fileRef = AFACF5E117E8E7BA009897FB /* PCAppDelegate.m */; };
		AFACF5E517E8E7BA009897FB /* MainMenu.xib in Resources */ = {isa = PBXBuildFile; fileRef = AFACF5E317E8E7BA009897FB /* MainMenu.xib */; };
/* End PBXBuildFile section */

/* Begin PBXFileReference section */
		AFACF5CB17E8E7BA009897FB /* Pomodoro Controller.app */ = {isa = PBXFileReference; explicitFileType = wrapper.application; includeInIndex = 0; path = "Pomodoro Controller.app"; sourceTree = BUILT_PRODUCTS_DIR; };
		AFACF5CE17E8E7BA009897FB /* Cocoa.framework */ = {isa = PBXFileReference; lastKnownFileType = wrapper.framework; name = Cocoa.framework; path = System/Library/Frameworks/Cocoa.framework; sourceTree = SDKROOT; };
		AFACF5D117E8E7BA009897FB /* AppKit.framework */ = {isa = PBXFileReference; lastKnownFileType = wrapper.framework; name = AppKit.framework; path = System/Library/Frameworks/AppKit.framework; sourceTree = SDKROOT; };
		AFACF5D217E8E7BA009897FB /* CoreData.framework */ = {isa = PBXFileReference; lastKnownFileType = wrapper.framework; name = CoreData.framework; path = System/Library/Frameworks/CoreData.framework; sourceTree = SDKROOT; };
		AFACF5D317E8E7BA009897FB /* Foundation.framework */ = {isa = PBXFileReference; lastKnownFileType = wrapper.framework; name = Foundation.framework; path = System/Library/Frameworks/Foundation.framework; sourceTree = SDKROOT; };
		AFACF5D617E8E7BA009897FB /* Pomodoro Controller-Info.plist */ = {isa = PBXFileReference; lastKnownFileType = text.plist.xml; path = "Pomodoro Controller-Info.plist"; sourceTree = "<group>"; };
		AFACF5D817E8E7BA009897FB /* en */ = {isa = PBXFileReference; lastKnownFileType = text.plist.strings; name = en; path = en.lproj/InfoPlist.strings; sourceTree = "<group>"; };
		AFACF5DA17E8E7BA009897FB /* main.m */ = {isa = PBXFileReference; lastKnownFileType = sourcecode.c.objc; path = main.m; sourceTree = "<group>"; };
		AFACF5DC17E8E7BA009897FB /* Pomodoro Controller-Prefix.pch */ = {isa = PBXFileReference; lastKnownFileType = sourcecode.c.h; path = "Pomodoro Controller-Prefix.pch"; sourceTree = "<group>"; };
		AFACF5DE17E8E7BA009897FB /* en */ = {isa = PBXFileReference; lastKnownFileType = text.rtf; name = en; path = en.lproj/Credits.rtf; sourceTree = "<group>"; };
		AFACF5E017E8E7BA009897FB /* PCAppDelegate.h */ = {isa = PBXFileReference; lastKnownFileType = sourcecode.c.h; path = PCAppDelegate.h; sourceTree = "<group>"; };
		AFACF5E117E8E7BA009897FB /* PCAppDelegate.m */ = {isa = PBXFileReference; lastKnownFileType = sourcecode.c.objc; path = PCAppDelegate.m; sourceTree = "<group>"; };
		AFACF5E417E8E7BA009897FB /* en */ = {isa = PBXFileReference; lastKnownFileType = file.xib; name = en; path = en.lproj/MainMenu.xib; sourceTree = "<group>"; };
/* End PBXFileReference section */

/* Begin PBXFrameworksBuildPhase section */
		AFACF5C817E8E7BA009897FB /* Frameworks */ = {
			isa = PBXFrameworksBuildPhase;
			buildActionMask = 2147483647;
			files = (
				AFACF5CF17E8E7BA009897FB /* Cocoa.framework in Frameworks */,
			);
			runOnlyForDeploymentPostprocessing = 0;
		};
/* End PBXFrameworksBuildPhase section */

/* Begin PBXGroup section */
		AFACF5C217E8E7BA009897FB = {
			isa = PBXGroup;
			children = (
				AFACF5D417E8E7BA009897FB /* Pomodoro Controller */,
				AFACF5CD17E8E7BA009897FB /* Frameworks */,
				AFACF5CC17E8E7BA009897FB /* Products */,
			);
			sourceTree = "<group>";
		};
		AFACF5CC17E8E7BA009897FB /* Products */ = {
			isa = PBXGroup;
			children = (
				AFACF5CB17E8E7BA009897FB /* Pomodoro Controller.app */,
			);
			name = Products;
			sourceTree = "<group>";
		};
		AFACF5CD17E8E7BA009897FB /* Frameworks */ = {
			isa = PBXGroup;
			children = (
				AFACF5CE17E8E7BA009897FB /* Cocoa.framework */,
				AFACF5D017E8E7BA009897FB /* Other Frameworks */,
			);
			name = Frameworks;
			sourceTree = "<group>";
		};
		AFACF5D017E8E7BA009897FB /* Other Frameworks */ = {
			isa = PBXGroup;
			children = (
				AFACF5D117E8E7BA009897FB /* AppKit.framework */,
				AFACF5D217E8E7BA009897FB /* CoreData.framework */,
				AFACF5D317E8E7BA009897FB /* Foundation.framework */,
			);
			name = "Other Frameworks";
			sourceTree = "<group>";
		};
		AFACF5D417E8E7BA009897FB /* Pomodoro Controller */ = {
			isa = PBXGroup;
			children = (
				AFACF5E017E8E7BA009897FB /* PCAppDelegate.h */,
				AFACF5E117E8E7BA009897FB /* PCAppDelegate.m */,
				AFACF5E317E8E7BA009897FB /* MainMenu.xib */,
				AFACF5D517E8E7BA009897FB /* Supporting Files */,
			);
			path = "Pomodoro Controller";
			sourceTree = "<group>";
		};
		AFACF5D517E8E7BA009897FB /* Supporting Files */ = {
			isa = PBXGroup;
			children = (
				AFACF5D617E8E7BA009897FB /* Pomodoro Controller-Info.plist */,
				AFACF5D717E8E7BA009897FB /* InfoPlist.strings */,
				AFACF5DA17E8E7BA009897FB /* main.m */,
				AFACF5DC17E8E7BA009897FB /* Pomodoro Controller-Prefix.pch */,
				AFACF5DD17E8E7BA009897FB /* Credits.rtf */,
			);
			name = "Supporting Files";
			sourceTree = "<group>";
		};
/* End PBXGroup section */

/* Begin PBXNativeTarget section */
		AFACF5CA17E8E7BA009897FB /* Pomodoro Controller */ = {
			isa = PBXNativeTarget;
			buildConfigurationList = AFACF5E817E8E7BA009897FB /* Build configuration list for PBXNativeTarget "Pomodoro Controller" */;
			buildPhases = (
				AFACF5C717E8E7BA009897FB /* Sources */,
				AFACF5C817E8E7BA009897FB /* Frameworks */,
				AFACF5C917E8E7BA009897FB /* Resources */,
			);
			buildRules = (
			);
			dependencies = (
			);
			name = "Pomodoro Controller";
			productName = "Pomodoro Controller";
			productReference = AFACF5CB17E8E7BA009897FB /* Pomodoro Controller.app */;
			productType = "com.apple.product-type.application";
		};
/* End PBXNativeTarget section */

/* Begin PBXProject section */
		AFACF5C317E8E7BA009897FB /* Project object */ = {
			isa = PBXProject;
			attributes = {
				CLASSPREFIX = PC;
				LastUpgradeCheck = 0460;
				ORGANIZATIONNAME = "Umur Gedik";
			};
			buildConfigurationList = AFACF5C617E8E7BA009897FB /* Build configuration list for PBXProject "Pomodoro Controller" */;
			compatibilityVersion = "Xcode 3.2";
			developmentRegion = English;
			hasScannedForEncodings = 0;
			knownRegions = (
				en,
			);
			mainGroup = AFACF5C217E8E7BA009897FB;
			productRefGroup = AFACF5CC17E8E7BA009897FB /* Products */;
			projectDirPath = "";
			projectRoot = "";
			targets = (
				AFACF5CA17E8E7BA009897FB /* Pomodoro Controller */,
			);
		};
/* End PBXProject section */

/* Begin PBXResourcesBuildPhase section */
		AFACF5C917E8E7BA009897FB /* Resources */ = {
			isa = PBXResourcesBuildPhase;
			buildActionMask = 2147483647;
			files = (
				AFACF5D917E8E7BA009897FB /* InfoPlist.strings in Resources */,
				AFACF5DF17E8E7BA009897FB /* Credits.rtf in Resources */,
				AFACF5E517E8E7BA009897FB /* MainMenu.xib in Resources */,
			);
			runOnlyForDeploymentPostprocessing = 0;
		};
/* End PBXResourcesBuildPhase section */

/* Begin PBXSourcesBuildPhase section */
		AFACF5C717E8E7BA009897FB /* Sources */ = {
			isa = PBXSourcesBuildPhase;
			buildActionMask = 2147483647;
			files = (
				AFACF5DB17E8E7BA009897FB /* main.m in Sources */,
				AFACF5E217E8E7BA009897FB /* PCAppDelegate.m in Sources */,
			);
			runOnlyForDeploymentPostprocessing = 0;
		};
/* End PBXSourcesBuildPhase section */

/* Begin PBXVariantGroup section */
		AFACF5D717E8E7BA009897FB /* InfoPlist.strings */ = {
			isa = PBXVariantGroup;
			children = (
				AFACF5D817E8E7BA009897FB /* en */,
			);
			name = InfoPlist.strings;
			sourceTree = "<group>";
		};
		AFACF5DD17E8E7BA009897FB /* Credits.rtf */ = {
			isa = PBXVariantGroup;
			children = (
				AFACF5DE17E8E7BA009897FB /* en */,
			);
			name = Credits.rtf;
			sourceTree = "<group>";
		};
		AFACF5E317E8E7BA009897FB /* MainMenu.xib */ = {
			isa = PBXVariantGroup;
			children = (
				AFACF5E417E8E7BA009897FB /* en */,
			);
			name = MainMenu.xib;
			sourceTree = "<group>";
		};
/* End PBXVariantGroup section */

/* Begin XCBuildConfiguration section */
		AFACF5E617E8E7BA009897FB /* Debug */ = {
			isa = XCBuildConfiguration;
			buildSettings = {
				ALWAYS_SEARCH_USER_PATHS = NO;
				ARCHS = "$(ARCHS_STANDARD_64_BIT)";
				CLANG_CXX_LANGUAGE_STANDARD = "gnu++0x";
				CLANG_CXX_LIBRARY = "libc++";
				CLANG_WARN_CONSTANT_CONVERSION = YES;
				CLANG_WARN_EMPTY_BODY = YES;
				CLANG_WARN_ENUM_CONVERSION = YES;
				CLANG_WARN_INT_CONVERSION = YES;
				CLANG_WARN__DUPLICATE_METHOD_MATCH = YES;
				COPY_PHASE_STRIP = NO;
				GCC_C_LANGUAGE_STANDARD = gnu99;
				GCC_DYNAMIC_NO_PIC = NO;
				GCC_ENABLE_OBJC_EXCEPTIONS = YES;
				GCC_OPTIMIZATION_LEVEL = 0;
				GCC_PREPROCESSOR_DEFINITIONS = (
					"DEBUG=1",
					"$(inherited)",
				);
				GCC_SYMBOLS_PRIVATE_EXTERN = NO;
				GCC_WARN_64_TO_32_BIT_CONVERSION = YES;
				GCC_WARN_ABOUT_RETURN_TYPE = YES;
				GCC_WARN_UNINITIALIZED_AUTOS = YES;
				GCC_WARN_UNUSED_VARIABLE = YES;
				MACOSX_DEPLOYMENT_TARGET = 10.8;
				ONLY_ACTIVE_ARCH = YES;
				SDKROOT = macosx;
			};
			name = Debug;
		};
		AFACF5E717E8E7BA009897FB /* Release */ = {
			isa = XCBuildConfiguration;
			buildSettings = {
				ALWAYS_SEARCH_USER_PATHS = NO;
				ARCHS = "$(ARCHS_STANDARD_64_BIT)";
				CLANG_CXX_LANGUAGE_STANDARD = "gnu++0x";
				CLANG_CXX_LIBRARY = "libc++";
				CLANG_WARN_CONSTANT_CONVERSION = YES;
				CLANG_WARN_EMPTY_BODY = YES;
				CLANG_WARN_ENUM_CONVERSION = YES;
				CLANG_WARN_INT_CONVERSION = YES;
				CLANG_WARN__DUPLICATE_METHOD_MATCH = YES;
				COPY_PHASE_STRIP = YES;
				DEBUG_INFORMATION_FORMAT = "dwarf-with-dsym";
				GCC_C_LANGUAGE_STANDARD = gnu99;
				GCC_ENABLE_OBJC_EXCEPTIONS = YES;
				GCC_WARN_64_TO_32_BIT_CONVERSION = YES;
				GCC_WARN_ABOUT_RETURN_TYPE = YES;
				GCC_WARN_UNINITIALIZED_AUTOS = YES;
				GCC_WARN_UNUSED_VARIABLE = YES;
				MACOSX_DEPLOYMENT_TARGET = 10.8;
				SDKROOT = macosx;
			};
			name = Release;
		};
		AFACF5E917E8E7BA009897FB /* Debug */ = {
			isa = XCBuildConfiguration;
			buildSettings = {
				COMBINE_HIDPI_IMAGES = YES;
				GCC_PRECOMPILE_PREFIX_HEADER = YES;
				GCC_PREFIX_HEADER = "Pomodoro Controller/Pomodoro Controller-Prefix.pch";
				INFOPLIST_FILE = "Pomodoro Controller/Pomodoro Controller-Info.plist";
				PRODUCT_NAME = "$(TARGET_NAME)";
				WRAPPER_EXTENSION = app;
			};
			name = Debug;
		};
		AFACF5EA17E8E7BA009897FB /* Release */ = {
			isa = XCBuildConfiguration;
			buildSettings = {
				COMBINE_HIDPI_IMAGES = YES;
				GCC_PRECOMPILE_PREFIX_HEADER = YES;
				GCC_PREFIX_HEADER = "Pomodoro Controller/Pomodoro Controller-Prefix.pch";
				INFOPLIST_FILE = "Pomodoro Controller/Pomodoro Controller-Info.plist";
				PRODUCT_NAME = "$(TARGET_NAME)";
				WRAPPER_EXTENSION = app;
			};
			name = Release;
		};
/* End XCBuildConfiguration section */

/* Begin XCConfigurationList section */
		AFACF5C617E8E7BA009897FB /* Build configuration list for PBXProject "Pomodoro Controller" */ = {
			isa = XCConfigurationList;
			buildConfigurations = (
				AFACF5E617E8E7BA009897FB /* Debug */,
				AFACF5E717E8E7BA009897FB /* Release */,
			);
			defaultConfigurationIsVisible = 0;
			defaultConfigurationName = Release;
		};
		AFACF5E817E8E7BA009897FB /* Build configuration list for PBXNativeTarget "Pomodoro Controller" */ = {
			isa = XCConfigurationList;
			buildConfigurations = (
				AFACF5E917E8E7BA009897FB /* Debug */,
				AFACF5EA17E8E7BA009897FB /* Release */,
			);
			defaultConfigurationIsVisible = 0;
		};
/* End XCConfigurationList section */
	};
	rootObject = AFACF5C317E8E7BA009897FB /* Project object */;
}
